// !$*UTF8*$!
{
	archiveVersion = 1;
	classes = {
	};
	objectVersion = 51;
	objects = {

/* Begin PBXBuildFile section */
		0B111B2D286718CDA3B9C89A /* Pods_Filtr_FiltrUITests.framework in Frameworks */ = {isa = PBXBuildFile; fileRef = 3ECEA5EF38FDA9BD7E01BAC4 /* Pods_Filtr_FiltrUITests.framework */; };
		0FB1690624F2FB9800C2F925 /* AppDelegate.swift in Sources */ = {isa = PBXBuildFile; fileRef = 0FB1690524F2FB9800C2F925 /* AppDelegate.swift */; };
		0FB1690824F2FB9800C2F925 /* SceneDelegate.swift in Sources */ = {isa = PBXBuildFile; fileRef = 0FB1690724F2FB9800C2F925 /* SceneDelegate.swift */; };
		0FB1690A24F2FB9800C2F925 /* ContentView.swift in Sources */ = {isa = PBXBuildFile; fileRef = 0FB1690924F2FB9800C2F925 /* ContentView.swift */; };
		0FB1690C24F2FB9B00C2F925 /* Assets.xcassets in Resources */ = {isa = PBXBuildFile; fileRef = 0FB1690B24F2FB9B00C2F925 /* Assets.xcassets */; };
		0FB1690F24F2FB9B00C2F925 /* Preview Assets.xcassets in Resources */ = {isa = PBXBuildFile; fileRef = 0FB1690E24F2FB9B00C2F925 /* Preview Assets.xcassets */; };
		0FB1691224F2FB9B00C2F925 /* LaunchScreen.storyboard in Resources */ = {isa = PBXBuildFile; fileRef = 0FB1691024F2FB9B00C2F925 /* LaunchScreen.storyboard */; };
		0FB1691D24F2FB9B00C2F925 /* FiltrTests.swift in Sources */ = {isa = PBXBuildFile; fileRef = 0FB1691C24F2FB9B00C2F925 /* FiltrTests.swift */; };
		0FB1692824F2FB9B00C2F925 /* FiltrUITests.swift in Sources */ = {isa = PBXBuildFile; fileRef = 0FB1692724F2FB9B00C2F925 /* FiltrUITests.swift */; };
		574C82EE0AB43516B1BE63C5 /* Pods_FiltrTests.framework in Frameworks */ = {isa = PBXBuildFile; fileRef = F6A857BC2766FAFAD73DAF35 /* Pods_FiltrTests.framework */; };
		B55B8B99405DC13482D80A2B /* Pods_Filtr.framework in Frameworks */ = {isa = PBXBuildFile; fileRef = 40850E5D1B9A3E0E613FEEB9 /* Pods_Filtr.framework */; };
/* End PBXBuildFile section */

/* Begin PBXContainerItemProxy section */
		0FB1691924F2FB9B00C2F925 /* PBXContainerItemProxy */ = {
			isa = PBXContainerItemProxy;
			containerPortal = 0FB168FA24F2FB9800C2F925 /* Project object */;
			proxyType = 1;
			remoteGlobalIDString = 0FB1690124F2FB9800C2F925;
			remoteInfo = Filtr;
		};
		0FB1692424F2FB9B00C2F925 /* PBXContainerItemProxy */ = {
			isa = PBXContainerItemProxy;
			containerPortal = 0FB168FA24F2FB9800C2F925 /* Project object */;
			proxyType = 1;
			remoteGlobalIDString = 0FB1690124F2FB9800C2F925;
			remoteInfo = Filtr;
		};
/* End PBXContainerItemProxy section */

/* Begin PBXFileReference section */
		0FB1690224F2FB9800C2F925 /* Filtr.app */ = {isa = PBXFileReference; explicitFileType = wrapper.application; includeInIndex = 0; path = Filtr.app; sourceTree = BUILT_PRODUCTS_DIR; };
		0FB1690524F2FB9800C2F925 /* AppDelegate.swift */ = {isa = PBXFileReference; lastKnownFileType = sourcecode.swift; path = AppDelegate.swift; sourceTree = "<group>"; };
		0FB1690724F2FB9800C2F925 /* SceneDelegate.swift */ = {isa = PBXFileReference; lastKnownFileType = sourcecode.swift; path = SceneDelegate.swift; sourceTree = "<group>"; };
		0FB1690924F2FB9800C2F925 /* ContentView.swift */ = {isa = PBXFileReference; lastKnownFileType = sourcecode.swift; path = ContentView.swift; sourceTree = "<group>"; };
		0FB1690B24F2FB9B00C2F925 /* Assets.xcassets */ = {isa = PBXFileReference; lastKnownFileType = folder.assetcatalog; path = Assets.xcassets; sourceTree = "<group>"; };
		0FB1690E24F2FB9B00C2F925 /* Preview Assets.xcassets */ = {isa = PBXFileReference; lastKnownFileType = folder.assetcatalog; path = "Preview Assets.xcassets"; sourceTree = "<group>"; };
		0FB1691124F2FB9B00C2F925 /* Base */ = {isa = PBXFileReference; lastKnownFileType = file.storyboard; name = Base; path = Base.lproj/LaunchScreen.storyboard; sourceTree = "<group>"; };
		0FB1691324F2FB9B00C2F925 /* Info.plist */ = {isa = PBXFileReference; lastKnownFileType = text.plist.xml; path = Info.plist; sourceTree = "<group>"; };
		0FB1691824F2FB9B00C2F925 /* FiltrTests.xctest */ = {isa = PBXFileReference; explicitFileType = wrapper.cfbundle; includeInIndex = 0; path = FiltrTests.xctest; sourceTree = BUILT_PRODUCTS_DIR; };
		0FB1691C24F2FB9B00C2F925 /* FiltrTests.swift */ = {isa = PBXFileReference; lastKnownFileType = sourcecode.swift; path = FiltrTests.swift; sourceTree = "<group>"; };
		0FB1691E24F2FB9B00C2F925 /* Info.plist */ = {isa = PBXFileReference; lastKnownFileType = text.plist.xml; path = Info.plist; sourceTree = "<group>"; };
		0FB1692324F2FB9B00C2F925 /* FiltrUITests.xctest */ = {isa = PBXFileReference; explicitFileType = wrapper.cfbundle; includeInIndex = 0; path = FiltrUITests.xctest; sourceTree = BUILT_PRODUCTS_DIR; };
		0FB1692724F2FB9B00C2F925 /* FiltrUITests.swift */ = {isa = PBXFileReference; lastKnownFileType = sourcecode.swift; path = FiltrUITests.swift; sourceTree = "<group>"; };
		0FB1692924F2FB9B00C2F925 /* Info.plist */ = {isa = PBXFileReference; lastKnownFileType = text.plist.xml; path = Info.plist; sourceTree = "<group>"; };
		3ECEA5EF38FDA9BD7E01BAC4 /* Pods_Filtr_FiltrUITests.framework */ = {isa = PBXFileReference; explicitFileType = wrapper.framework; includeInIndex = 0; path = Pods_Filtr_FiltrUITests.framework; sourceTree = BUILT_PRODUCTS_DIR; };
		40850E5D1B9A3E0E613FEEB9 /* Pods_Filtr.framework */ = {isa = PBXFileReference; explicitFileType = wrapper.framework; includeInIndex = 0; path = Pods_Filtr.framework; sourceTree = BUILT_PRODUCTS_DIR; };
		5E78D109878E811F56B3C2BF /* Pods-Filtr.debug.xcconfig */ = {isa = PBXFileReference; includeInIndex = 1; lastKnownFileType = text.xcconfig; name = "Pods-Filtr.debug.xcconfig"; path = "Target Support Files/Pods-Filtr/Pods-Filtr.debug.xcconfig"; sourceTree = "<group>"; };
		6748EA2394F8F42A5E88F83D /* Pods-FiltrTests.release.xcconfig */ = {isa = PBXFileReference; includeInIndex = 1; lastKnownFileType = text.xcconfig; name = "Pods-FiltrTests.release.xcconfig"; path = "Target Support Files/Pods-FiltrTests/Pods-FiltrTests.release.xcconfig"; sourceTree = "<group>"; };
		BA00CE7CCEFB89BDA44E0EFB /* Pods-Filtr.release.xcconfig */ = {isa = PBXFileReference; includeInIndex = 1; lastKnownFileType = text.xcconfig; name = "Pods-Filtr.release.xcconfig"; path = "Target Support Files/Pods-Filtr/Pods-Filtr.release.xcconfig"; sourceTree = "<group>"; };
		BB5856A7590B062445428E64 /* Pods-Filtr-FiltrUITests.release.xcconfig */ = {isa = PBXFileReference; includeInIndex = 1; lastKnownFileType = text.xcconfig; name = "Pods-Filtr-FiltrUITests.release.xcconfig"; path = "Target Support Files/Pods-Filtr-FiltrUITests/Pods-Filtr-FiltrUITests.release.xcconfig"; sourceTree = "<group>"; };
		F0D8B8B627D396311C0CB8BA /* Pods-Filtr-FiltrUITests.debug.xcconfig */ = {isa = PBXFileReference; includeInIndex = 1; lastKnownFileType = text.xcconfig; name = "Pods-Filtr-FiltrUITests.debug.xcconfig"; path = "Target Support Files/Pods-Filtr-FiltrUITests/Pods-Filtr-FiltrUITests.debug.xcconfig"; sourceTree = "<group>"; };
		F22EB41EC3D73C92E3C7F64D /* Pods-FiltrTests.debug.xcconfig */ = {isa = PBXFileReference; includeInIndex = 1; lastKnownFileType = text.xcconfig; name = "Pods-FiltrTests.debug.xcconfig"; path = "Target Support Files/Pods-FiltrTests/Pods-FiltrTests.debug.xcconfig"; sourceTree = "<group>"; };
		F6A857BC2766FAFAD73DAF35 /* Pods_FiltrTests.framework */ = {isa = PBXFileReference; explicitFileType = wrapper.framework; includeInIndex = 0; path = Pods_FiltrTests.framework; sourceTree = BUILT_PRODUCTS_DIR; };
/* End PBXFileReference section */

/* Begin PBXFrameworksBuildPhase section */
		0FB168FF24F2FB9800C2F925 /* Frameworks */ = {
			isa = PBXFrameworksBuildPhase;
			buildActionMask = 2147483647;
			files = (
				B55B8B99405DC13482D80A2B /* Pods_Filtr.framework in Frameworks */,
			);
			runOnlyForDeploymentPostprocessing = 0;
		};
		0FB1691524F2FB9B00C2F925 /* Frameworks */ = {
			isa = PBXFrameworksBuildPhase;
			buildActionMask = 2147483647;
			files = (
				574C82EE0AB43516B1BE63C5 /* Pods_FiltrTests.framework in Frameworks */,
			);
			runOnlyForDeploymentPostprocessing = 0;
		};
		0FB1692024F2FB9B00C2F925 /* Frameworks */ = {
			isa = PBXFrameworksBuildPhase;
			buildActionMask = 2147483647;
			files = (
				0B111B2D286718CDA3B9C89A /* Pods_Filtr_FiltrUITests.framework in Frameworks */,
			);
			runOnlyForDeploymentPostprocessing = 0;
		};
/* End PBXFrameworksBuildPhase section */

/* Begin PBXGroup section */
		0FB168F924F2FB9800C2F925 = {
			isa = PBXGroup;
			children = (
				0FB1690424F2FB9800C2F925 /* Filtr */,
				0FB1691B24F2FB9B00C2F925 /* FiltrTests */,
				0FB1692624F2FB9B00C2F925 /* FiltrUITests */,
				0FB1690324F2FB9800C2F925 /* Products */,
				D455AF62096AFD41853E65E8 /* Pods */,
				DBCF05DA6B3E343EA765AF28 /* Frameworks */,
			);
			sourceTree = "<group>";
		};
		0FB1690324F2FB9800C2F925 /* Products */ = {
			isa = PBXGroup;
			children = (
				0FB1690224F2FB9800C2F925 /* Filtr.app */,
				0FB1691824F2FB9B00C2F925 /* FiltrTests.xctest */,
				0FB1692324F2FB9B00C2F925 /* FiltrUITests.xctest */,
			);
			name = Products;
			sourceTree = "<group>";
		};
		0FB1690424F2FB9800C2F925 /* Filtr */ = {
			isa = PBXGroup;
			children = (
				0FBEDFAA24F3003D002293CF /* App */,
				0FB1690924F2FB9800C2F925 /* ContentView.swift */,
				0FBEDFAD24F304BE002293CF /* Resources */,
				0FB1690D24F2FB9B00C2F925 /* Preview Content */,
			);
			path = Filtr;
			sourceTree = "<group>";
		};
		0FB1690D24F2FB9B00C2F925 /* Preview Content */ = {
			isa = PBXGroup;
			children = (
				0FB1690E24F2FB9B00C2F925 /* Preview Assets.xcassets */,
			);
			path = "Preview Content";
			sourceTree = "<group>";
		};
		0FB1691B24F2FB9B00C2F925 /* FiltrTests */ = {
			isa = PBXGroup;
			children = (
				0FB1691C24F2FB9B00C2F925 /* FiltrTests.swift */,
				0FB1691E24F2FB9B00C2F925 /* Info.plist */,
			);
			path = FiltrTests;
			sourceTree = "<group>";
		};
		0FB1692624F2FB9B00C2F925 /* FiltrUITests */ = {
			isa = PBXGroup;
			children = (
				0FB1692724F2FB9B00C2F925 /* FiltrUITests.swift */,
				0FB1692924F2FB9B00C2F925 /* Info.plist */,
			);
			path = FiltrUITests;
			sourceTree = "<group>";
		};
		0FBEDFAA24F3003D002293CF /* App */ = {
			isa = PBXGroup;
			children = (
				0FB1690524F2FB9800C2F925 /* AppDelegate.swift */,
				0FB1690724F2FB9800C2F925 /* SceneDelegate.swift */,
			);
			path = App;
			sourceTree = "<group>";
		};
		0FBEDFAD24F304BE002293CF /* Resources */ = {
			isa = PBXGroup;
			children = (
				0FB1690B24F2FB9B00C2F925 /* Assets.xcassets */,
				0FB1691024F2FB9B00C2F925 /* LaunchScreen.storyboard */,
				0FB1691324F2FB9B00C2F925 /* Info.plist */,
			);
			path = Resources;
			sourceTree = "<group>";
		};
		D455AF62096AFD41853E65E8 /* Pods */ = {
			isa = PBXGroup;
			children = (
				5E78D109878E811F56B3C2BF /* Pods-Filtr.debug.xcconfig */,
				BA00CE7CCEFB89BDA44E0EFB /* Pods-Filtr.release.xcconfig */,
				F0D8B8B627D396311C0CB8BA /* Pods-Filtr-FiltrUITests.debug.xcconfig */,
				BB5856A7590B062445428E64 /* Pods-Filtr-FiltrUITests.release.xcconfig */,
				F22EB41EC3D73C92E3C7F64D /* Pods-FiltrTests.debug.xcconfig */,
				6748EA2394F8F42A5E88F83D /* Pods-FiltrTests.release.xcconfig */,
			);
			path = Pods;
			sourceTree = "<group>";
		};
		DBCF05DA6B3E343EA765AF28 /* Frameworks */ = {
			isa = PBXGroup;
			children = (
				40850E5D1B9A3E0E613FEEB9 /* Pods_Filtr.framework */,
				3ECEA5EF38FDA9BD7E01BAC4 /* Pods_Filtr_FiltrUITests.framework */,
				F6A857BC2766FAFAD73DAF35 /* Pods_FiltrTests.framework */,
			);
			name = Frameworks;
			sourceTree = "<group>";
		};
/* End PBXGroup section */

/* Begin PBXNativeTarget section */
		0FB1690124F2FB9800C2F925 /* Filtr */ = {
			isa = PBXNativeTarget;
			buildConfigurationList = 0FB1692C24F2FB9B00C2F925 /* Build configuration list for PBXNativeTarget "Filtr" */;
			buildPhases = (
				D94E7E5B5F7E8DE0D3C6ADDB /* [CP] Check Pods Manifest.lock */,
				0FB168FE24F2FB9800C2F925 /* Sources */,
				0FB168FF24F2FB9800C2F925 /* Frameworks */,
				0FB1690024F2FB9800C2F925 /* Resources */,
				063D3067F19593B9AED627FD /* [CP] Embed Pods Frameworks */,
			);
			buildRules = (
			);
			dependencies = (
			);
			name = Filtr;
			productName = Filtr;
			productReference = 0FB1690224F2FB9800C2F925 /* Filtr.app */;
			productType = "com.apple.product-type.application";
		};
		0FB1691724F2FB9B00C2F925 /* FiltrTests */ = {
			isa = PBXNativeTarget;
			buildConfigurationList = 0FB1692F24F2FB9B00C2F925 /* Build configuration list for PBXNativeTarget "FiltrTests" */;
			buildPhases = (
				F7F9289D16C86C7B6866B8EE /* [CP] Check Pods Manifest.lock */,
				0FB1691424F2FB9B00C2F925 /* Sources */,
				0FB1691524F2FB9B00C2F925 /* Frameworks */,
				0FB1691624F2FB9B00C2F925 /* Resources */,
			);
			buildRules = (
			);
			dependencies = (
				0FB1691A24F2FB9B00C2F925 /* PBXTargetDependency */,
			);
			name = FiltrTests;
			productName = FiltrTests;
			productReference = 0FB1691824F2FB9B00C2F925 /* FiltrTests.xctest */;
			productType = "com.apple.product-type.bundle.unit-test";
		};
		0FB1692224F2FB9B00C2F925 /* FiltrUITests */ = {
			isa = PBXNativeTarget;
			buildConfigurationList = 0FB1693224F2FB9B00C2F925 /* Build configuration list for PBXNativeTarget "FiltrUITests" */;
			buildPhases = (
				BF41ED353F4F7C2C12689B68 /* [CP] Check Pods Manifest.lock */,
				0FB1691F24F2FB9B00C2F925 /* Sources */,
				0FB1692024F2FB9B00C2F925 /* Frameworks */,
				0FB1692124F2FB9B00C2F925 /* Resources */,
				80F159CB91A0AB5BA4C91996 /* [CP] Embed Pods Frameworks */,
			);
			buildRules = (
			);
			dependencies = (
				0FB1692524F2FB9B00C2F925 /* PBXTargetDependency */,
			);
			name = FiltrUITests;
			productName = FiltrUITests;
			productReference = 0FB1692324F2FB9B00C2F925 /* FiltrUITests.xctest */;
			productType = "com.apple.product-type.bundle.ui-testing";
		};
/* End PBXNativeTarget section */

/* Begin PBXProject section */
		0FB168FA24F2FB9800C2F925 /* Project object */ = {
			isa = PBXProject;
			attributes = {
				LastSwiftUpdateCheck = 1120;
				LastUpgradeCheck = 1120;
				ORGANIZATIONNAME = "Rodrigo de Sousa Santos";
				TargetAttributes = {
					0FB1690124F2FB9800C2F925 = {
						CreatedOnToolsVersion = 11.2.1;
					};
					0FB1691724F2FB9B00C2F925 = {
						CreatedOnToolsVersion = 11.2.1;
						TestTargetID = 0FB1690124F2FB9800C2F925;
					};
					0FB1692224F2FB9B00C2F925 = {
						CreatedOnToolsVersion = 11.2.1;
						TestTargetID = 0FB1690124F2FB9800C2F925;
					};
				};
			};
			buildConfigurationList = 0FB168FD24F2FB9800C2F925 /* Build configuration list for PBXProject "Filtr" */;
			compatibilityVersion = "Xcode 9.3";
			developmentRegion = en;
			hasScannedForEncodings = 0;
			knownRegions = (
				en,
				Base,
			);
			mainGroup = 0FB168F924F2FB9800C2F925;
			productRefGroup = 0FB1690324F2FB9800C2F925 /* Products */;
			projectDirPath = "";
			projectRoot = "";
			targets = (
				0FB1690124F2FB9800C2F925 /* Filtr */,
				0FB1691724F2FB9B00C2F925 /* FiltrTests */,
				0FB1692224F2FB9B00C2F925 /* FiltrUITests */,
			);
		};
/* End PBXProject section */

/* Begin PBXResourcesBuildPhase section */
		0FB1690024F2FB9800C2F925 /* Resources */ = {
			isa = PBXResourcesBuildPhase;
			buildActionMask = 2147483647;
			files = (
				0FB1691224F2FB9B00C2F925 /* LaunchScreen.storyboard in Resources */,
				0FB1690F24F2FB9B00C2F925 /* Preview Assets.xcassets in Resources */,
				0FB1690C24F2FB9B00C2F925 /* Assets.xcassets in Resources */,
			);
			runOnlyForDeploymentPostprocessing = 0;
		};
		0FB1691624F2FB9B00C2F925 /* Resources */ = {
			isa = PBXResourcesBuildPhase;
			buildActionMask = 2147483647;
			files = (
			);
			runOnlyForDeploymentPostprocessing = 0;
		};
		0FB1692124F2FB9B00C2F925 /* Resources */ = {
			isa = PBXResourcesBuildPhase;
			buildActionMask = 2147483647;
			files = (
			);
			runOnlyForDeploymentPostprocessing = 0;
		};
/* End PBXResourcesBuildPhase section */

/* Begin PBXShellScriptBuildPhase section */
		063D3067F19593B9AED627FD /* [CP] Embed Pods Frameworks */ = {
			isa = PBXShellScriptBuildPhase;
			buildActionMask = 2147483647;
			files = (
			);
			inputFileListPaths = (
				"${PODS_ROOT}/Target Support Files/Pods-Filtr/Pods-Filtr-frameworks-${CONFIGURATION}-input-files.xcfilelist",
			);
			name = "[CP] Embed Pods Frameworks";
			outputFileListPaths = (
				"${PODS_ROOT}/Target Support Files/Pods-Filtr/Pods-Filtr-frameworks-${CONFIGURATION}-output-files.xcfilelist",
			);
			runOnlyForDeploymentPostprocessing = 0;
			shellPath = /bin/sh;
			shellScript = "\"${PODS_ROOT}/Target Support Files/Pods-Filtr/Pods-Filtr-frameworks.sh\"\n";
			showEnvVarsInLog = 0;
		};
		80F159CB91A0AB5BA4C91996 /* [CP] Embed Pods Frameworks */ = {
			isa = PBXShellScriptBuildPhase;
			buildActionMask = 2147483647;
			files = (
			);
			inputFileListPaths = (
				"${PODS_ROOT}/Target Support Files/Pods-Filtr-FiltrUITests/Pods-Filtr-FiltrUITests-frameworks-${CONFIGURATION}-input-files.xcfilelist",
			);
			name = "[CP] Embed Pods Frameworks";
			outputFileListPaths = (
				"${PODS_ROOT}/Target Support Files/Pods-Filtr-FiltrUITests/Pods-Filtr-FiltrUITests-frameworks-${CONFIGURATION}-output-files.xcfilelist",
			);
			runOnlyForDeploymentPostprocessing = 0;
			shellPath = /bin/sh;
			shellScript = "\"${PODS_ROOT}/Target Support Files/Pods-Filtr-FiltrUITests/Pods-Filtr-FiltrUITests-frameworks.sh\"\n";
			showEnvVarsInLog = 0;
		};
		BF41ED353F4F7C2C12689B68 /* [CP] Check Pods Manifest.lock */ = {
			isa = PBXShellScriptBuildPhase;
			buildActionMask = 2147483647;
			files = (
			);
			inputFileListPaths = (
			);
			inputPaths = (
				"${PODS_PODFILE_DIR_PATH}/Podfile.lock",
				"${PODS_ROOT}/Manifest.lock",
			);
			name = "[CP] Check Pods Manifest.lock";
			outputFileListPaths = (
			);
			outputPaths = (
				"$(DERIVED_FILE_DIR)/Pods-Filtr-FiltrUITests-checkManifestLockResult.txt",
			);
			runOnlyForDeploymentPostprocessing = 0;
			shellPath = /bin/sh;
			shellScript = "diff \"${PODS_PODFILE_DIR_PATH}/Podfile.lock\" \"${PODS_ROOT}/Manifest.lock\" > /dev/null\nif [ $? != 0 ] ; then\n    # print error to STDERR\n    echo \"error: The sandbox is not in sync with the Podfile.lock. Run 'pod install' or update your CocoaPods installation.\" >&2\n    exit 1\nfi\n# This output is used by Xcode 'outputs' to avoid re-running this script phase.\necho \"SUCCESS\" > \"${SCRIPT_OUTPUT_FILE_0}\"\n";
			showEnvVarsInLog = 0;
		};
		D94E7E5B5F7E8DE0D3C6ADDB /* [CP] Check Pods Manifest.lock */ = {
			isa = PBXShellScriptBuildPhase;
			buildActionMask = 2147483647;
			files = (
			);
			inputFileListPaths = (
			);
			inputPaths = (
				"${PODS_PODFILE_DIR_PATH}/Podfile.lock",
				"${PODS_ROOT}/Manifest.lock",
			);
			name = "[CP] Check Pods Manifest.lock";
			outputFileListPaths = (
			);
			outputPaths = (
				"$(DERIVED_FILE_DIR)/Pods-Filtr-checkManifestLockResult.txt",
			);
			runOnlyForDeploymentPostprocessing = 0;
			shellPath = /bin/sh;
			shellScript = "diff \"${PODS_PODFILE_DIR_PATH}/Podfile.lock\" \"${PODS_ROOT}/Manifest.lock\" > /dev/null\nif [ $? != 0 ] ; then\n    # print error to STDERR\n    echo \"error: The sandbox is not in sync with the Podfile.lock. Run 'pod install' or update your CocoaPods installation.\" >&2\n    exit 1\nfi\n# This output is used by Xcode 'outputs' to avoid re-running this script phase.\necho \"SUCCESS\" > \"${SCRIPT_OUTPUT_FILE_0}\"\n";
			showEnvVarsInLog = 0;
		};
		F7F9289D16C86C7B6866B8EE /* [CP] Check Pods Manifest.lock */ = {
			isa = PBXShellScriptBuildPhase;
			buildActionMask = 2147483647;
			files = (
			);
			inputFileListPaths = (
			);
			inputPaths = (
				"${PODS_PODFILE_DIR_PATH}/Podfile.lock",
				"${PODS_ROOT}/Manifest.lock",
			);
			name = "[CP] Check Pods Manifest.lock";
			outputFileListPaths = (
			);
			outputPaths = (
				"$(DERIVED_FILE_DIR)/Pods-FiltrTests-checkManifestLockResult.txt",
			);
			runOnlyForDeploymentPostprocessing = 0;
			shellPath = /bin/sh;
			shellScript = "diff \"${PODS_PODFILE_DIR_PATH}/Podfile.lock\" \"${PODS_ROOT}/Manifest.lock\" > /dev/null\nif [ $? != 0 ] ; then\n    # print error to STDERR\n    echo \"error: The sandbox is not in sync with the Podfile.lock. Run 'pod install' or update your CocoaPods installation.\" >&2\n    exit 1\nfi\n# This output is used by Xcode 'outputs' to avoid re-running this script phase.\necho \"SUCCESS\" > \"${SCRIPT_OUTPUT_FILE_0}\"\n";
			showEnvVarsInLog = 0;
		};
/* End PBXShellScriptBuildPhase section */

/* Begin PBXSourcesBuildPhase section */
		0FB168FE24F2FB9800C2F925 /* Sources */ = {
			isa = PBXSourcesBuildPhase;
			buildActionMask = 2147483647;
			files = (
				0FB1690624F2FB9800C2F925 /* AppDelegate.swift in Sources */,
				0FB1690824F2FB9800C2F925 /* SceneDelegate.swift in Sources */,
				0FB1690A24F2FB9800C2F925 /* ContentView.swift in Sources */,
			);
			runOnlyForDeploymentPostprocessing = 0;
		};
		0FB1691424F2FB9B00C2F925 /* Sources */ = {
			isa = PBXSourcesBuildPhase;
			buildActionMask = 2147483647;
			files = (
				0FB1691D24F2FB9B00C2F925 /* FiltrTests.swift in Sources */,
			);
			runOnlyForDeploymentPostprocessing = 0;
		};
		0FB1691F24F2FB9B00C2F925 /* Sources */ = {
			isa = PBXSourcesBuildPhase;
			buildActionMask = 2147483647;
			files = (
				0FB1692824F2FB9B00C2F925 /* FiltrUITests.swift in Sources */,
			);
			runOnlyForDeploymentPostprocessing = 0;
		};
/* End PBXSourcesBuildPhase section */

/* Begin PBXTargetDependency section */
		0FB1691A24F2FB9B00C2F925 /* PBXTargetDependency */ = {
			isa = PBXTargetDependency;
			target = 0FB1690124F2FB9800C2F925 /* Filtr */;
			targetProxy = 0FB1691924F2FB9B00C2F925 /* PBXContainerItemProxy */;
		};
		0FB1692524F2FB9B00C2F925 /* PBXTargetDependency */ = {
			isa = PBXTargetDependency;
			target = 0FB1690124F2FB9800C2F925 /* Filtr */;
			targetProxy = 0FB1692424F2FB9B00C2F925 /* PBXContainerItemProxy */;
		};
/* End PBXTargetDependency section */

/* Begin PBXVariantGroup section */
		0FB1691024F2FB9B00C2F925 /* LaunchScreen.storyboard */ = {
			isa = PBXVariantGroup;
			children = (
				0FB1691124F2FB9B00C2F925 /* Base */,
			);
			name = LaunchScreen.storyboard;
			sourceTree = "<group>";
		};
/* End PBXVariantGroup section */

/* Begin XCBuildConfiguration section */
		0FB1692A24F2FB9B00C2F925 /* Debug */ = {
			isa = XCBuildConfiguration;
			buildSettings = {
				ALWAYS_SEARCH_USER_PATHS = NO;
				CLANG_ANALYZER_NONNULL = YES;
				CLANG_ANALYZER_NUMBER_OBJECT_CONVERSION = YES_AGGRESSIVE;
				CLANG_CXX_LANGUAGE_STANDARD = "gnu++14";
				CLANG_CXX_LIBRARY = "libc++";
				CLANG_ENABLE_MODULES = YES;
				CLANG_ENABLE_OBJC_ARC = YES;
				CLANG_ENABLE_OBJC_WEAK = YES;
				CLANG_WARN_BLOCK_CAPTURE_AUTORELEASING = YES;
				CLANG_WARN_BOOL_CONVERSION = YES;
				CLANG_WARN_COMMA = YES;
				CLANG_WARN_CONSTANT_CONVERSION = YES;
				CLANG_WARN_DEPRECATED_OBJC_IMPLEMENTATIONS = YES;
				CLANG_WARN_DIRECT_OBJC_ISA_USAGE = YES_ERROR;
				CLANG_WARN_DOCUMENTATION_COMMENTS = YES;
				CLANG_WARN_EMPTY_BODY = YES;
				CLANG_WARN_ENUM_CONVERSION = YES;
				CLANG_WARN_INFINITE_RECURSION = YES;
				CLANG_WARN_INT_CONVERSION = YES;
				CLANG_WARN_NON_LITERAL_NULL_CONVERSION = YES;
				CLANG_WARN_OBJC_IMPLICIT_RETAIN_SELF = YES;
				CLANG_WARN_OBJC_LITERAL_CONVERSION = YES;
				CLANG_WARN_OBJC_ROOT_CLASS = YES_ERROR;
				CLANG_WARN_RANGE_LOOP_ANALYSIS = YES;
				CLANG_WARN_STRICT_PROTOTYPES = YES;
				CLANG_WARN_SUSPICIOUS_MOVE = YES;
				CLANG_WARN_UNGUARDED_AVAILABILITY = YES_AGGRESSIVE;
				CLANG_WARN_UNREACHABLE_CODE = YES;
				CLANG_WARN__DUPLICATE_METHOD_MATCH = YES;
				COPY_PHASE_STRIP = NO;
				DEBUG_INFORMATION_FORMAT = dwarf;
				ENABLE_STRICT_OBJC_MSGSEND = YES;
				ENABLE_TESTABILITY = YES;
				GCC_C_LANGUAGE_STANDARD = gnu11;
				GCC_DYNAMIC_NO_PIC = NO;
				GCC_NO_COMMON_BLOCKS = YES;
				GCC_OPTIMIZATION_LEVEL = 0;
				GCC_PREPROCESSOR_DEFINITIONS = (
					"DEBUG=1",
					"$(inherited)",
				);
				GCC_WARN_64_TO_32_BIT_CONVERSION = YES;
				GCC_WARN_ABOUT_RETURN_TYPE = YES_ERROR;
				GCC_WARN_UNDECLARED_SELECTOR = YES;
				GCC_WARN_UNINITIALIZED_AUTOS = YES_AGGRESSIVE;
				GCC_WARN_UNUSED_FUNCTION = YES;
				GCC_WARN_UNUSED_VARIABLE = YES;
				IPHONEOS_DEPLOYMENT_TARGET = 13.2;
				MTL_ENABLE_DEBUG_INFO = INCLUDE_SOURCE;
				MTL_FAST_MATH = YES;
				ONLY_ACTIVE_ARCH = YES;
				SDKROOT = iphoneos;
				SWIFT_ACTIVE_COMPILATION_CONDITIONS = DEBUG;
				SWIFT_OPTIMIZATION_LEVEL = "-Onone";
			};
			name = Debug;
		};
		0FB1692B24F2FB9B00C2F925 /* Release */ = {
			isa = XCBuildConfiguration;
			buildSettings = {
				ALWAYS_SEARCH_USER_PATHS = NO;
				CLANG_ANALYZER_NONNULL = YES;
				CLANG_ANALYZER_NUMBER_OBJECT_CONVERSION = YES_AGGRESSIVE;
				CLANG_CXX_LANGUAGE_STANDARD = "gnu++14";
				CLANG_CXX_LIBRARY = "libc++";
				CLANG_ENABLE_MODULES = YES;
				CLANG_ENABLE_OBJC_ARC = YES;
				CLANG_ENABLE_OBJC_WEAK = YES;
				CLANG_WARN_BLOCK_CAPTURE_AUTORELEASING = YES;
				CLANG_WARN_BOOL_CONVERSION = YES;
				CLANG_WARN_COMMA = YES;
				CLANG_WARN_CONSTANT_CONVERSION = YES;
				CLANG_WARN_DEPRECATED_OBJC_IMPLEMENTATIONS = YES;
				CLANG_WARN_DIRECT_OBJC_ISA_USAGE = YES_ERROR;
				CLANG_WARN_DOCUMENTATION_COMMENTS = YES;
				CLANG_WARN_EMPTY_BODY = YES;
				CLANG_WARN_ENUM_CONVERSION = YES;
				CLANG_WARN_INFINITE_RECURSION = YES;
				CLANG_WARN_INT_CONVERSION = YES;
				CLANG_WARN_NON_LITERAL_NULL_CONVERSION = YES;
				CLANG_WARN_OBJC_IMPLICIT_RETAIN_SELF = YES;
				CLANG_WARN_OBJC_LITERAL_CONVERSION = YES;
				CLANG_WARN_OBJC_ROOT_CLASS = YES_ERROR;
				CLANG_WARN_RANGE_LOOP_ANALYSIS = YES;
				CLANG_WARN_STRICT_PROTOTYPES = YES;
				CLANG_WARN_SUSPICIOUS_MOVE = YES;
				CLANG_WARN_UNGUARDED_AVAILABILITY = YES_AGGRESSIVE;
				CLANG_WARN_UNREACHABLE_CODE = YES;
				CLANG_WARN__DUPLICATE_METHOD_MATCH = YES;
				COPY_PHASE_STRIP = NO;
				DEBUG_INFORMATION_FORMAT = "dwarf-with-dsym";
				ENABLE_NS_ASSERTIONS = NO;
				ENABLE_STRICT_OBJC_MSGSEND = YES;
				GCC_C_LANGUAGE_STANDARD = gnu11;
				GCC_NO_COMMON_BLOCKS = YES;
				GCC_WARN_64_TO_32_BIT_CONVERSION = YES;
				GCC_WARN_ABOUT_RETURN_TYPE = YES_ERROR;
				GCC_WARN_UNDECLARED_SELECTOR = YES;
				GCC_WARN_UNINITIALIZED_AUTOS = YES_AGGRESSIVE;
				GCC_WARN_UNUSED_FUNCTION = YES;
				GCC_WARN_UNUSED_VARIABLE = YES;
				IPHONEOS_DEPLOYMENT_TARGET = 13.2;
				MTL_ENABLE_DEBUG_INFO = NO;
				MTL_FAST_MATH = YES;
				SDKROOT = iphoneos;
				SWIFT_COMPILATION_MODE = wholemodule;
				SWIFT_OPTIMIZATION_LEVEL = "-O";
				VALIDATE_PRODUCT = YES;
			};
			name = Release;
		};
		0FB1692D24F2FB9B00C2F925 /* Debug */ = {
			isa = XCBuildConfiguration;
			baseConfigurationReference = 5E78D109878E811F56B3C2BF /* Pods-Filtr.debug.xcconfig */;
			buildSettings = {
				ASSETCATALOG_COMPILER_APPICON_NAME = AppIcon;
				CODE_SIGN_STYLE = Automatic;
				DEVELOPMENT_ASSET_PATHS = "\"Filtr/Preview Content\"";
				DEVELOPMENT_TEAM = CX8CEBC3DF;
				ENABLE_PREVIEWS = YES;
				INFOPLIST_FILE = Filtr/Resources/Info.plist;
				LD_RUNPATH_SEARCH_PATHS = (
					"$(inherited)",
					"@executable_path/Frameworks",
				);
				PRODUCT_BUNDLE_IDENTIFIER = com.Filtr;
				PRODUCT_NAME = "$(TARGET_NAME)";
				SWIFT_VERSION = 5.0;
				TARGETED_DEVICE_FAMILY = "1,2";
			};
			name = Debug;
		};
		0FB1692E24F2FB9B00C2F925 /* Release */ = {
			isa = XCBuildConfiguration;
			baseConfigurationReference = BA00CE7CCEFB89BDA44E0EFB /* Pods-Filtr.release.xcconfig */;
			buildSettings = {
				ASSETCATALOG_COMPILER_APPICON_NAME = AppIcon;
				CODE_SIGN_STYLE = Automatic;
				DEVELOPMENT_ASSET_PATHS = "\"Filtr/Preview Content\"";
				DEVELOPMENT_TEAM = CX8CEBC3DF;
				ENABLE_PREVIEWS = YES;
				INFOPLIST_FILE = Filtr/Resources/Info.plist;
				LD_RUNPATH_SEARCH_PATHS = (
					"$(inherited)",
					"@executable_path/Frameworks",
				);
				PRODUCT_BUNDLE_IDENTIFIER = com.Filtr;
				PRODUCT_NAME = "$(TARGET_NAME)";
				SWIFT_VERSION = 5.0;
				TARGETED_DEVICE_FAMILY = "1,2";
			};
			name = Release;
		};
		0FB1693024F2FB9B00C2F925 /* Debug */ = {
			isa = XCBuildConfiguration;
			baseConfigurationReference = F22EB41EC3D73C92E3C7F64D /* Pods-FiltrTests.debug.xcconfig */;
			buildSettings = {
				ALWAYS_EMBED_SWIFT_STANDARD_LIBRARIES = YES;
				BUNDLE_LOADER = "$(TEST_HOST)";
				CODE_SIGN_STYLE = Automatic;
				DEVELOPMENT_TEAM = CX8CEBC3DF;
				INFOPLIST_FILE = FiltrTests/Info.plist;
				IPHONEOS_DEPLOYMENT_TARGET = 13.2;
				LD_RUNPATH_SEARCH_PATHS = (
					"$(inherited)",
					"@executable_path/Frameworks",
					"@loader_path/Frameworks",
				);
				PRODUCT_BUNDLE_IDENTIFIER = com.FiltrTests;
				PRODUCT_NAME = "$(TARGET_NAME)";
				SWIFT_VERSION = 5.0;
				TARGETED_DEVICE_FAMILY = "1,2";
				TEST_HOST = "$(BUILT_PRODUCTS_DIR)/Filtr.app/Filtr";
			};
			name = Debug;
		};
		0FB1693124F2FB9B00C2F925 /* Release */ = {
			isa = XCBuildConfiguration;
			baseConfigurationReference = 6748EA2394F8F42A5E88F83D /* Pods-FiltrTests.release.xcconfig */;
			buildSettings = {
				ALWAYS_EMBED_SWIFT_STANDARD_LIBRARIES = YES;
				BUNDLE_LOADER = "$(TEST_HOST)";
				CODE_SIGN_STYLE = Automatic;
				DEVELOPMENT_TEAM = CX8CEBC3DF;
				INFOPLIST_FILE = FiltrTests/Info.plist;
				IPHONEOS_DEPLOYMENT_TARGET = 13.2;
				LD_RUNPATH_SEARCH_PATHS = (
					"$(inherited)",
					"@executable_path/Frameworks",
					"@loader_path/Frameworks",
				);
				PRODUCT_BUNDLE_IDENTIFIER = com.FiltrTests;
				PRODUCT_NAME = "$(TARGET_NAME)";
				SWIFT_VERSION = 5.0;
				TARGETED_DEVICE_FAMILY = "1,2";
				TEST_HOST = "$(BUILT_PRODUCTS_DIR)/Filtr.app/Filtr";
			};
			name = Release;
		};
		0FB1693324F2FB9B00C2F925 /* Debug */ = {
			isa = XCBuildConfiguration;
			baseConfigurationReference = F0D8B8B627D396311C0CB8BA /* Pods-Filtr-FiltrUITests.debug.xcconfig */;
			buildSettings = {
				ALWAYS_EMBED_SWIFT_STANDARD_LIBRARIES = YES;
				CODE_SIGN_STYLE = Automatic;
				DEVELOPMENT_TEAM = CX8CEBC3DF;
				INFOPLIST_FILE = FiltrUITests/Info.plist;
				LD_RUNPATH_SEARCH_PATHS = (
					"$(inherited)",
					"@executable_path/Frameworks",
					"@loader_path/Frameworks",
				);
				PRODUCT_BUNDLE_IDENTIFIER = com.FiltrUITests;
				PRODUCT_NAME = "$(TARGET_NAME)";
				SWIFT_VERSION = 5.0;
				TARGETED_DEVICE_FAMILY = "1,2";
				TEST_TARGET_NAME = Filtr;
			};
			name = Debug;
		};
		0FB1693424F2FB9B00C2F925 /* Release */ = {
			isa = XCBuildConfiguration;
			baseConfigurationReference = BB5856A7590B062445428E64 /* Pods-Filtr-FiltrUITests.release.xcconfig */;
			buildSettings = {
				ALWAYS_EMBED_SWIFT_STANDARD_LIBRARIES = YES;
				CODE_SIGN_STYLE = Automatic;
				DEVELOPMENT_TEAM = CX8CEBC3DF;
				INFOPLIST_FILE = FiltrUITests/Info.plist;
				LD_RUNPATH_SEARCH_PATHS = (
					"$(inherited)",
					"@executable_path/Frameworks",
					"@loader_path/Frameworks",
				);
				PRODUCT_BUNDLE_IDENTIFIER = com.FiltrUITests;
				PRODUCT_NAME = "$(TARGET_NAME)";
				SWIFT_VERSION = 5.0;
				TARGETED_DEVICE_FAMILY = "1,2";
				TEST_TARGET_NAME = Filtr;
			};
			name = Release;
		};
/* End XCBuildConfiguration section */

/* Begin XCConfigurationList section */
		0FB168FD24F2FB9800C2F925 /* Build configuration list for PBXProject "Filtr" */ = {
			isa = XCConfigurationList;
			buildConfigurations = (
				0FB1692A24F2FB9B00C2F925 /* Debug */,
				0FB1692B24F2FB9B00C2F925 /* Release */,
			);
			defaultConfigurationIsVisible = 0;
			defaultConfigurationName = Release;
		};
		0FB1692C24F2FB9B00C2F925 /* Build configuration list for PBXNativeTarget "Filtr" */ = {
			isa = XCConfigurationList;
			buildConfigurations = (
				0FB1692D24F2FB9B00C2F925 /* Debug */,
				0FB1692E24F2FB9B00C2F925 /* Release */,
			);
			defaultConfigurationIsVisible = 0;
			defaultConfigurationName = Release;
		};
		0FB1692F24F2FB9B00C2F925 /* Build configuration list for PBXNativeTarget "FiltrTests" */ = {
			isa = XCConfigurationList;
			buildConfigurations = (
				0FB1693024F2FB9B00C2F925 /* Debug */,
				0FB1693124F2FB9B00C2F925 /* Release */,
			);
			defaultConfigurationIsVisible = 0;
			defaultConfigurationName = Release;
		};
		0FB1693224F2FB9B00C2F925 /* Build configuration list for PBXNativeTarget "FiltrUITests" */ = {
			isa = XCConfigurationList;
			buildConfigurations = (
				0FB1693324F2FB9B00C2F925 /* Debug */,
				0FB1693424F2FB9B00C2F925 /* Release */,
			);
			defaultConfigurationIsVisible = 0;
			defaultConfigurationName = Release;
		};
/* End XCConfigurationList section */
	};
	rootObject = 0FB168FA24F2FB9800C2F925 /* Project object */;
}
